
Microsoft Visual Studio Solution File, Format Version 12.00
# Visual Studio 2013
VisualStudioVersion = 12.0.40629.0
MinimumVisualStudioVersion = 10.0.40219.1
Project("{FAE04EC0-301F-11D3-BF4B-00C04F79EFBC}") = "ZooSklad", "ZooSklad\ZooSklad.csproj", "{B82FEE09-CC4C-4C80-BFCA-A03E57D2D991}"
EndProject
Global
	GlobalSection(SolutionConfigurationPlatforms) = preSolution
		Debug|Any CPU = Debug|Any CPU
		Release|Any CPU = Release|Any CPU
	EndGlobalSection
	GlobalSection(ProjectConfigurationPlatforms) = postSolution
		{B82FEE09-CC4C-4C80-BFCA-A03E57D2D991}.Debug|Any CPU.ActiveCfg = Debug|Any CPU
		{B82FEE09-CC4C-4C80-BFCA-A03E57D2D991}.Debug|Any CPU.Build.0 = Debug|Any CPU
		{B82FEE09-CC4C-4C80-BFCA-A03E57D2D991}.Release|Any CPU.ActiveCfg = Release|Any CPU
		{B82FEE09-CC4C-4C80-BFCA-A03E57D2D991}.Release|Any CPU.Build.0 = Release|Any CPU
	EndGlobalSection
	GlobalSection(SolutionProperties) = preSolution
		HideSolutionNode = FALSE
	EndGlobalSection
EndGlobal
